
Microsoft Visual Studio Solution File, Format Version 12.00
# Visual Studio Version 16
VisualStudioVersion = 16.0.31729.503
MinimumVisualStudioVersion = 10.0.40219.1
Project("{FAE04EC0-301F-11D3-BF4B-00C04F79EFBC}") = "Calculator", "Calculator.csproj", "{7B5671EA-4A88-4BBB-B14E-7A5D1D272E19}"
EndProject
Global
	GlobalSection(SolutionConfigurationPlatforms) = preSolution
		Debug|Any CPU = Debug|Any CPU
		Release|Any CPU = Release|Any CPU
	EndGlobalSection
	GlobalSection(ProjectConfigurationPlatforms) = postSolution
		{7B5671EA-4A88-4BBB-B14E-7A5D1D272E19}.Debug|Any CPU.ActiveCfg = Debug|Any CPU
		{7B5671EA-4A88-4BBB-B14E-7A5D1D272E19}.Debug|Any CPU.Build.0 = Debug|Any CPU
		{7B5671EA-4A88-4BBB-B14E-7A5D1D272E19}.Release|Any CPU.ActiveCfg = Release|Any CPU
		{7B5671EA-4A88-4BBB-B14E-7A5D1D272E19}.Release|Any CPU.Build.0 = Release|Any CPU
	EndGlobalSection
	GlobalSection(SolutionProperties) = preSolution
		HideSolutionNode = FALSE
	EndGlobalSection
	GlobalSection(ExtensibilityGlobals) = postSolution
		SolutionGuid = {2D9975D2-4DFC-4313-9091-96951F4EF08F}
	EndGlobalSection
EndGlobal
